
Microsoft Visual Studio Solution File, Format Version 12.00
# Visual Studio Version 17
VisualStudioVersion = 17.1.32319.34
MinimumVisualStudioVersion = 10.0.40219.1
Project("{E24C65DC-7377-472B-9ABA-BC803B73C61A}") = "flappy-alby(1)", ".", "{67F9CC50-D0B0-41C6-8C95-2A42DBC132A1}"
	ProjectSection(WebsiteProperties) = preProject
		TargetFrameworkMoniker = ".NETFramework,Version%3Dv4.0"
		Debug.AspNetCompiler.VirtualPath = "/localhost_50742"
		Debug.AspNetCompiler.PhysicalPath = "..\flappy-alby\"
		Debug.AspNetCompiler.TargetPath = "PrecompiledWeb\localhost_50742\"
		Debug.AspNetCompiler.Updateable = "true"
		Debug.AspNetCompiler.ForceOverwrite = "true"
		Debug.AspNetCompiler.FixedNames = "false"
		Debug.AspNetCompiler.Debug = "True"
		Release.AspNetCompiler.VirtualPath = "/localhost_50742"
		Release.AspNetCompiler.PhysicalPath = "..\flappy-alby\"
		Release.AspNetCompiler.TargetPath = "PrecompiledWeb\localhost_50742\"
		Release.AspNetCompiler.Updateable = "true"
		Release.AspNetCompiler.ForceOverwrite = "true"
		Release.AspNetCompiler.FixedNames = "false"
		Release.AspNetCompiler.Debug = "False"
		VWDPort = "50742"
		SlnRelativePath = "..\flappy-alby\"
	EndProjectSection
EndProject
Global
	GlobalSection(SolutionConfigurationPlatforms) = preSolution
		Debug|Any CPU = Debug|Any CPU
	EndGlobalSection
	GlobalSection(ProjectConfigurationPlatforms) = postSolution
		{67F9CC50-D0B0-41C6-8C95-2A42DBC132A1}.Debug|Any CPU.ActiveCfg = Debug|Any CPU
		{67F9CC50-D0B0-41C6-8C95-2A42DBC132A1}.Debug|Any CPU.Build.0 = Debug|Any CPU
	EndGlobalSection
	GlobalSection(SolutionProperties) = preSolution
		HideSolutionNode = FALSE
	EndGlobalSection
	GlobalSection(ExtensibilityGlobals) = postSolution
		SolutionGuid = {78824F36-9F88-41FC-A00A-623E81AB71B6}
	EndGlobalSection
EndGlobal
